
Microsoft Visual Studio Solution File, Format Version 12.00
Project("{FAE04EC0-301F-11D3-BF4B-00C04F79EFBC}") = "TutorProject.Searcher.Web", "TutorProject.Searcher.Web\TutorProject.Searcher.Web.csproj", "{B9A3F6E2-2267-432A-B561-AF2B3187EDA2}"
EndProject
Project("{FAE04EC0-301F-11D3-BF4B-00C04F79EFBC}") = "TutorProject.Searcher.BLL", "TutorProject.Searcher.BLL\TutorProject.Searcher.BLL.csproj", "{DA18EFDB-3E41-4FD1-AFAC-9DF9BF22DB6C}"
EndProject
Project("{FAE04EC0-301F-11D3-BF4B-00C04F79EFBC}") = "TutorProject.Account.Common", "team-5-account\Back\TutorProject.Account.Common\TutorProject.Account.Common.csproj", "{438E056F-B16C-4A0B-BB1C-FE65B8DDEBD2}"
EndProject
Global
	GlobalSection(SolutionConfigurationPlatforms) = preSolution
		Debug|Any CPU = Debug|Any CPU
		Release|Any CPU = Release|Any CPU
	EndGlobalSection
	GlobalSection(ProjectConfigurationPlatforms) = postSolution
		{B9A3F6E2-2267-432A-B561-AF2B3187EDA2}.Debug|Any CPU.ActiveCfg = Debug|Any CPU
		{B9A3F6E2-2267-432A-B561-AF2B3187EDA2}.Debug|Any CPU.Build.0 = Debug|Any CPU
		{B9A3F6E2-2267-432A-B561-AF2B3187EDA2}.Release|Any CPU.ActiveCfg = Release|Any CPU
		{B9A3F6E2-2267-432A-B561-AF2B3187EDA2}.Release|Any CPU.Build.0 = Release|Any CPU
		{DA18EFDB-3E41-4FD1-AFAC-9DF9BF22DB6C}.Debug|Any CPU.ActiveCfg = Debug|Any CPU
		{DA18EFDB-3E41-4FD1-AFAC-9DF9BF22DB6C}.Debug|Any CPU.Build.0 = Debug|Any CPU
		{DA18EFDB-3E41-4FD1-AFAC-9DF9BF22DB6C}.Release|Any CPU.ActiveCfg = Release|Any CPU
		{DA18EFDB-3E41-4FD1-AFAC-9DF9BF22DB6C}.Release|Any CPU.Build.0 = Release|Any CPU
		{438E056F-B16C-4A0B-BB1C-FE65B8DDEBD2}.Debug|Any CPU.ActiveCfg = Debug|Any CPU
		{438E056F-B16C-4A0B-BB1C-FE65B8DDEBD2}.Debug|Any CPU.Build.0 = Debug|Any CPU
		{438E056F-B16C-4A0B-BB1C-FE65B8DDEBD2}.Release|Any CPU.ActiveCfg = Release|Any CPU
		{438E056F-B16C-4A0B-BB1C-FE65B8DDEBD2}.Release|Any CPU.Build.0 = Release|Any CPU
	EndGlobalSection
EndGlobal
