
Microsoft Visual Studio Solution File, Format Version 12.00
Project("{FAE04EC0-301F-11D3-BF4B-00C04F79EFBC}") = "TutorProject.Searcher.BLL", "TutorProject.Searcher.BLL\TutorProject.Searcher.BLL.csproj", "{12D1001C-E6D4-4EE1-85D9-2F2CC6EE0421}"
EndProject
Project("{FAE04EC0-301F-11D3-BF4B-00C04F79EFBC}") = "TutorProject.Searcher.Web", "TutorProject.Searcher.Web\TutorProject.Searcher.Web.csproj", "{E0E03BD9-BD53-4744-B7D0-BB034B83855F}"
EndProject
Project("{FAE04EC0-301F-11D3-BF4B-00C04F79EFBC}") = "TutorProject.Account.Common", "..\..\team-5-account\Back\TutorProject.Account.Common\TutorProject.Account.Common.csproj", "{ABDC0024-08FD-459C-94D9-A105FE598E5E}"
EndProject
Global
	GlobalSection(SolutionConfigurationPlatforms) = preSolution
		Debug|Any CPU = Debug|Any CPU
		Release|Any CPU = Release|Any CPU
	EndGlobalSection
	GlobalSection(ProjectConfigurationPlatforms) = postSolution
		{12D1001C-E6D4-4EE1-85D9-2F2CC6EE0421}.Debug|Any CPU.ActiveCfg = Debug|Any CPU
		{12D1001C-E6D4-4EE1-85D9-2F2CC6EE0421}.Debug|Any CPU.Build.0 = Debug|Any CPU
		{12D1001C-E6D4-4EE1-85D9-2F2CC6EE0421}.Release|Any CPU.ActiveCfg = Release|Any CPU
		{12D1001C-E6D4-4EE1-85D9-2F2CC6EE0421}.Release|Any CPU.Build.0 = Release|Any CPU
		{E0E03BD9-BD53-4744-B7D0-BB034B83855F}.Debug|Any CPU.ActiveCfg = Debug|Any CPU
		{E0E03BD9-BD53-4744-B7D0-BB034B83855F}.Debug|Any CPU.Build.0 = Debug|Any CPU
		{E0E03BD9-BD53-4744-B7D0-BB034B83855F}.Release|Any CPU.ActiveCfg = Release|Any CPU
		{E0E03BD9-BD53-4744-B7D0-BB034B83855F}.Release|Any CPU.Build.0 = Release|Any CPU
		{ABDC0024-08FD-459C-94D9-A105FE598E5E}.Debug|Any CPU.ActiveCfg = Debug|Any CPU
		{ABDC0024-08FD-459C-94D9-A105FE598E5E}.Debug|Any CPU.Build.0 = Debug|Any CPU
		{ABDC0024-08FD-459C-94D9-A105FE598E5E}.Release|Any CPU.ActiveCfg = Release|Any CPU
		{ABDC0024-08FD-459C-94D9-A105FE598E5E}.Release|Any CPU.Build.0 = Release|Any CPU
	EndGlobalSection
EndGlobal
