
Microsoft Visual Studio Solution File, Format Version 12.00
Project("{FAE04EC0-301F-11D3-BF4B-00C04F79EFBC}") = "TutorProject.Searcher.Front", "TutorProject.Searcher.Front\TutorProject.Searcher.Front.csproj", "{79106CA8-9757-42AF-B39F-71E013B026DE}"
EndProject
Global
	GlobalSection(SolutionConfigurationPlatforms) = preSolution
		Debug|Any CPU = Debug|Any CPU
		Release|Any CPU = Release|Any CPU
	EndGlobalSection
	GlobalSection(ProjectConfigurationPlatforms) = postSolution
		{79106CA8-9757-42AF-B39F-71E013B026DE}.Debug|Any CPU.ActiveCfg = Debug|Any CPU
		{79106CA8-9757-42AF-B39F-71E013B026DE}.Debug|Any CPU.Build.0 = Debug|Any CPU
		{79106CA8-9757-42AF-B39F-71E013B026DE}.Release|Any CPU.ActiveCfg = Release|Any CPU
		{79106CA8-9757-42AF-B39F-71E013B026DE}.Release|Any CPU.Build.0 = Release|Any CPU
	EndGlobalSection
EndGlobal
